{
  "requires": true,
  "lockfileVersion": 1,
  "dependencies": {
    "binary-search-bounds": {
      "version": "1.0.0",
      "resolved": "https://registry.npmjs.org/binary-search-bounds/-/binary-search-bounds-1.0.0.tgz",
      "integrity": "sha1-MjyjF+PypA9CRMclX1OEpbIHu2k="
    },
    "bipartite-independent-set": {
      "version": "1.0.0",
      "resolved": "https://registry.npmjs.org/bipartite-independent-set/-/bipartite-independent-set-1.0.0.tgz",
      "integrity": "sha1-I6Zz3dS+I9/Z0zbFnIXtfhujUoM=",
      "requires": {
        "bipartite-vertex-cover": "^1.0.0"
      }
    },
    "bipartite-matching": {
      "version": "1.0.0",
      "resolved": "https://registry.npmjs.org/bipartite-matching/-/bipartite-matching-1.0.0.tgz",
      "integrity": "sha1-8+DtYULu9G8qzD6sk+6PpB6bJ0I=",
      "requires": {
        "typedarray-pool": "^1.0.0"
      }
    },
    "bipartite-vertex-cover": {
      "version": "1.0.0",
      "resolved": "https://registry.npmjs.org/bipartite-vertex-cover/-/bipartite-vertex-cover-1.0.0.tgz",
      "integrity": "sha1-J7f+8I2pvhBwgsOAyqvcLZp3oGs=",
      "requires": {
        "bipartite-matching": "^1.0.0",
        "iota-array": "^1.0.0",
        "typedarray-pool": "^1.0.0"
      }
    },
    "bit-twiddle": {
      "version": "1.0.2",
      "resolved": "https://registry.npmjs.org/bit-twiddle/-/bit-twiddle-1.0.2.tgz",
      "integrity": "sha1-DGwfq+KyPRcXPZpht7cJPrnhdp4="
    },
    "dup": {
      "version": "1.0.0",
      "resolved": "https://registry.npmjs.org/dup/-/dup-1.0.0.tgz",
      "integrity": "sha1-UfxaxoX4GWRp3wuQXpNLIK9bQCk="
    },
    "interval-tree-1d": {
      "version": "1.0.3",
      "resolved": "https://registry.npmjs.org/interval-tree-1d/-/interval-tree-1d-1.0.3.tgz",
      "integrity": "sha1-j9veArayx9verWNry+2OCHENhcE=",
      "requires": {
        "binary-search-bounds": "^1.0.0"
      }
    },
    "iota-array": {
      "version": "1.0.0",
      "resolved": "https://registry.npmjs.org/iota-array/-/iota-array-1.0.0.tgz",
      "integrity": "sha1-ge9X/l0FgUzVjCSDYyqZwwoOgIc="
    },
    "rectangle-decomposition": {
      "version": "1.0.0",
      "resolved": "https://registry.npmjs.org/rectangle-decomposition/-/rectangle-decomposition-1.0.0.tgz",
      "integrity": "sha1-RBLWpTlkSe0jZIFslDF3DPXVTp4=",
      "requires": {
        "bipartite-independent-set": "^1.0.0",
        "dup": "^1.0.0",
        "interval-tree-1d": "^1.0.0"
      }
    },
    "typedarray-pool": {
      "version": "1.1.0",
      "resolved": "https://registry.npmjs.org/typedarray-pool/-/typedarray-pool-1.1.0.tgz",
      "integrity": "sha1-0RT0hIAUifU+yrXoCIqiMET0mNk=",
      "requires": {
        "bit-twiddle": "^1.0.0",
        "dup": "^1.0.0"
      }
    }
  }
}
